// !$*UTF8*$!
{
	archiveVersion = 1;
	classes = {
	};
	objectVersion = 54;
	objects = {

/* Begin PBXBuildFile section */
		8348EA55249C977D00AB33DA /* NotificationSettings.m in Sources */ = {isa = PBXBuildFile; fileRef = 8348EA4F249C977C00AB33DA /* NotificationSettings.m */; };
		8348EA57249C977D00AB33DA /* NotificationTools.m in Sources */ = {isa = PBXBuildFile; fileRef = 8348EA54249C977C00AB33DA /* NotificationTools.m */; };
		8348EA5B249C97F300AB33DA /* NotificationTools.h in Headers */ = {isa = PBXBuildFile; fileRef = 8348EA51249C977C00AB33DA /* NotificationTools.h */; platformFilter = ios; settings = {ATTRIBUTES = (Public, ); }; };
		8348EA98249CAF3600AB33DA /* NotificationSettings.h in Headers */ = {isa = PBXBuildFile; fileRef = 8348EA52249C977C00AB33DA /* NotificationSettings.h */; platformFilter = ios; settings = {ATTRIBUTES = (Public, ); }; };
/* End PBXBuildFile section */

/* Begin PBXContainerItemProxy section */
		4726D5A52B8F67EF00F79EFB /* PBXContainerItemProxy */ = {
			isa = PBXContainerItemProxy;
			containerPortal = 475FB6FF2B8CE00B00660BA8 /* Twinlife.xcodeproj */;
			proxyType = 2;
			remoteGlobalIDString = 7AE670482B4EC09F00859E5E;
			remoteInfo = TwinlifeTwinmePlus;
		};
		4726D5A72B8F67EF00F79EFB /* PBXContainerItemProxy */ = {
			isa = PBXContainerItemProxy;
			containerPortal = 475FB6FF2B8CE00B00660BA8 /* Twinlife.xcodeproj */;
			proxyType = 2;
			remoteGlobalIDString = 7A2F2C812B51B1F20021AF15;
			remoteInfo = TwinlifeTwinme;
		};
		4726D5A92B8F67EF00F79EFB /* PBXContainerItemProxy */ = {
			isa = PBXContainerItemProxy;
			containerPortal = 475FB6FF2B8CE00B00660BA8 /* Twinlife.xcodeproj */;
			proxyType = 2;
			remoteGlobalIDString = 7A2F2DD82B51B20B0021AF15;
			remoteInfo = TwinlifeSkred;
		};
		7A16BABB2B641A8E005E12BB /* PBXContainerItemProxy */ = {
			isa = PBXContainerItemProxy;
			containerPortal = 7A79E4FB2B60281300458A97 /* Twinme.xcodeproj */;
			proxyType = 1;
			remoteGlobalIDString = 7AA8E4E42B5697C200210FCB;
			remoteInfo = TwinmeSkred;
		};
		7A79E5022B60281300458A97 /* PBXContainerItemProxy */ = {
			isa = PBXContainerItemProxy;
			containerPortal = 7A79E4FB2B60281300458A97 /* Twinme.xcodeproj */;
			proxyType = 2;
			remoteGlobalIDString = 83DB2A6C1E44C2DA007C0FD8;
			remoteInfo = TwinmeTwinme;
		};
		7A79E5042B60281300458A97 /* PBXContainerItemProxy */ = {
			isa = PBXContainerItemProxy;
			containerPortal = 7A79E4FB2B60281300458A97 /* Twinme.xcodeproj */;
			proxyType = 2;
			remoteGlobalIDString = 7ADC47092AE7EAF20010728F;
			remoteInfo = Tests;
		};
		7A79E5062B60281300458A97 /* PBXContainerItemProxy */ = {
			isa = PBXContainerItemProxy;
			containerPortal = 7A79E4FB2B60281300458A97 /* Twinme.xcodeproj */;
			proxyType = 2;
			remoteGlobalIDString = 7AA8E4E32B5697AA00210FCB;
			remoteInfo = TwinmeTwinmePlus;
		};
		7A79E5082B60281300458A97 /* PBXContainerItemProxy */ = {
			isa = PBXContainerItemProxy;
			containerPortal = 7A79E4FB2B60281300458A97 /* Twinme.xcodeproj */;
			proxyType = 2;
			remoteGlobalIDString = 7AA8E59E2B5697C200210FCB;
			remoteInfo = TwinmeSkred;
		};
/* End PBXContainerItemProxy section */

/* Begin PBXCopyFilesBuildPhase section */
		8348EA2D249C959800AB33DA /* CopyFiles */ = {
			isa = PBXCopyFilesBuildPhase;
			buildActionMask = 2147483647;
			dstPath = "include/$(PRODUCT_NAME)";
			dstSubfolderSpec = 16;
			files = (
			);
			runOnlyForDeploymentPostprocessing = 0;
		};
/* End PBXCopyFilesBuildPhase section */

/* Begin PBXFileReference section */
		475FB6FF2B8CE00B00660BA8 /* Twinlife.xcodeproj */ = {isa = PBXFileReference; lastKnownFileType = "wrapper.pb-project"; name = Twinlife.xcodeproj; path = "../TwinlifeFramework/Twinlife.xcodeproj"; sourceTree = "<group>"; };
		7A79E4FB2B60281300458A97 /* Twinme.xcodeproj */ = {isa = PBXFileReference; lastKnownFileType = "wrapper.pb-project"; name = Twinme.xcodeproj; path = ../TwinmeFramework/Twinme.xcodeproj; sourceTree = "<group>"; };
		8348EA2F249C959800AB33DA /* libNotification.a */ = {isa = PBXFileReference; explicitFileType = archive.ar; includeInIndex = 0; path = libNotification.a; sourceTree = BUILT_PRODUCTS_DIR; };
		8348EA4F249C977C00AB33DA /* NotificationSettings.m */ = {isa = PBXFileReference; fileEncoding = 4; lastKnownFileType = sourcecode.c.objc; path = NotificationSettings.m; sourceTree = "<group>"; };
		8348EA51249C977C00AB33DA /* NotificationTools.h */ = {isa = PBXFileReference; fileEncoding = 4; lastKnownFileType = sourcecode.c.h; path = NotificationTools.h; sourceTree = "<group>"; };
		8348EA52249C977C00AB33DA /* NotificationSettings.h */ = {isa = PBXFileReference; fileEncoding = 4; lastKnownFileType = sourcecode.c.h; path = NotificationSettings.h; sourceTree = "<group>"; };
		8348EA54249C977C00AB33DA /* NotificationTools.m */ = {isa = PBXFileReference; fileEncoding = 4; lastKnownFileType = sourcecode.c.objc; path = NotificationTools.m; sourceTree = "<group>"; };
/* End PBXFileReference section */

/* Begin PBXFrameworksBuildPhase section */
		8348EA2C249C959800AB33DA /* Frameworks */ = {
			isa = PBXFrameworksBuildPhase;
			buildActionMask = 2147483647;
			files = (
			);
			runOnlyForDeploymentPostprocessing = 0;
		};
/* End PBXFrameworksBuildPhase section */

/* Begin PBXGroup section */
		4726D5A02B8F67EF00F79EFB /* Products */ = {
			isa = PBXGroup;
			children = (
				4726D5A62B8F67EF00F79EFB /* libTwinlifeTwinmePlus.a */,
				4726D5A82B8F67EF00F79EFB /* libTwinlifeTwinme.a */,
				4726D5AA2B8F67EF00F79EFB /* libTwinlifeSkred.a */,
			);
			name = Products;
			sourceTree = "<group>";
		};
		7A79E4FA2B60280D00458A97 /* Projects */ = {
			isa = PBXGroup;
			children = (
				7A79E4FB2B60281300458A97 /* Twinme.xcodeproj */,
			);
			name = Projects;
			sourceTree = "<group>";
		};
		7A79E4FC2B60281300458A97 /* Products */ = {
			isa = PBXGroup;
			children = (
				7A79E5032B60281300458A97 /* libTwinmeTwinme.a */,
				7A79E5052B60281300458A97 /* Tests.xctest */,
				7A79E5072B60281300458A97 /* libTwinmeTwinmePlus.a */,
				7A79E5092B60281300458A97 /* libTwinmeSkred.a */,
			);
			name = Products;
			sourceTree = "<group>";
		};
		8348EA26249C959800AB33DA = {
			isa = PBXGroup;
			children = (
				7A79E4FA2B60280D00458A97 /* Projects */,
				8348EA4E249C977C00AB33DA /* Notification */,
				8348EA30249C959800AB33DA /* Products */,
				475FB6FF2B8CE00B00660BA8 /* Twinlife.xcodeproj */,
			);
			sourceTree = "<group>";
		};
		8348EA30249C959800AB33DA /* Products */ = {
			isa = PBXGroup;
			children = (
				8348EA2F249C959800AB33DA /* libNotification.a */,
			);
			name = Products;
			sourceTree = "<group>";
		};
		8348EA4E249C977C00AB33DA /* Notification */ = {
			isa = PBXGroup;
			children = (
				8348EA52249C977C00AB33DA /* NotificationSettings.h */,
				8348EA4F249C977C00AB33DA /* NotificationSettings.m */,
				8348EA51249C977C00AB33DA /* NotificationTools.h */,
				8348EA54249C977C00AB33DA /* NotificationTools.m */,
			);
			path = Notification;
			sourceTree = "<group>";
		};
/* End PBXGroup section */

/* Begin PBXHeadersBuildPhase section */
		8348EA5A249C97E900AB33DA /* Headers */ = {
			isa = PBXHeadersBuildPhase;
			buildActionMask = 2147483647;
			files = (
				8348EA5B249C97F300AB33DA /* NotificationTools.h in Headers */,
				8348EA98249CAF3600AB33DA /* NotificationSettings.h in Headers */,
			);
			runOnlyForDeploymentPostprocessing = 0;
		};
/* End PBXHeadersBuildPhase section */

/* Begin PBXNativeTarget section */
		8348EA2E249C959800AB33DA /* Notification */ = {
			isa = PBXNativeTarget;
			buildConfigurationList = 8348EA38249C959800AB33DA /* Build configuration list for PBXNativeTarget "Notification" */;
			buildPhases = (
				8348EA5A249C97E900AB33DA /* Headers */,
				8348EA2B249C959800AB33DA /* Sources */,
				8348EA2C249C959800AB33DA /* Frameworks */,
				8348EA2D249C959800AB33DA /* CopyFiles */,
			);
			buildRules = (
			);
			dependencies = (
				7A16BABC2B641A8E005E12BB /* PBXTargetDependency */,
			);
			name = Notification;
			productName = Notification;
			productReference = 8348EA2F249C959800AB33DA /* libNotification.a */;
			productType = "com.apple.product-type.library.static";
		};
/* End PBXNativeTarget section */

/* Begin PBXProject section */
		8348EA27249C959800AB33DA /* Project object */ = {
			isa = PBXProject;
			attributes = {
				LastUpgradeCheck = 1150;
				ORGANIZATIONNAME = Twinlife;
				TargetAttributes = {
					8348EA2E249C959800AB33DA = {
						CreatedOnToolsVersion = 11.5;
					};
				};
			};
			buildConfigurationList = 8348EA2A249C959800AB33DA /* Build configuration list for PBXProject "Notification" */;
			compatibilityVersion = "Xcode 9.3";
			developmentRegion = en;
			hasScannedForEncodings = 0;
			knownRegions = (
				en,
				Base,
			);
			mainGroup = 8348EA26249C959800AB33DA;
			productRefGroup = 8348EA30249C959800AB33DA /* Products */;
			projectDirPath = "";
			projectReferences = (
				{
					ProductGroup = 4726D5A02B8F67EF00F79EFB /* Products */;
					ProjectRef = 475FB6FF2B8CE00B00660BA8 /* Twinlife.xcodeproj */;
				},
				{
					ProductGroup = 7A79E4FC2B60281300458A97 /* Products */;
					ProjectRef = 7A79E4FB2B60281300458A97 /* Twinme.xcodeproj */;
				},
			);
			projectRoot = "";
			targets = (
				8348EA2E249C959800AB33DA /* Notification */,
			);
		};
/* End PBXProject section */

/* Begin PBXReferenceProxy section */
		4726D5A62B8F67EF00F79EFB /* libTwinlifeTwinmePlus.a */ = {
			isa = PBXReferenceProxy;
			fileType = archive.ar;
			path = libTwinlifeTwinmePlus.a;
			remoteRef = 4726D5A52B8F67EF00F79EFB /* PBXContainerItemProxy */;
			sourceTree = BUILT_PRODUCTS_DIR;
		};
		4726D5A82B8F67EF00F79EFB /* libTwinlifeTwinme.a */ = {
			isa = PBXReferenceProxy;
			fileType = archive.ar;
			path = libTwinlifeTwinme.a;
			remoteRef = 4726D5A72B8F67EF00F79EFB /* PBXContainerItemProxy */;
			sourceTree = BUILT_PRODUCTS_DIR;
		};
		4726D5AA2B8F67EF00F79EFB /* libTwinlifeSkred.a */ = {
			isa = PBXReferenceProxy;
			fileType = archive.ar;
			path = libTwinlifeSkred.a;
			remoteRef = 4726D5A92B8F67EF00F79EFB /* PBXContainerItemProxy */;
			sourceTree = BUILT_PRODUCTS_DIR;
		};
		7A79E5032B60281300458A97 /* libTwinmeTwinme.a */ = {
			isa = PBXReferenceProxy;
			fileType = archive.ar;
			path = libTwinmeTwinme.a;
			remoteRef = 7A79E5022B60281300458A97 /* PBXContainerItemProxy */;
			sourceTree = BUILT_PRODUCTS_DIR;
		};
		7A79E5052B60281300458A97 /* Tests.xctest */ = {
			isa = PBXReferenceProxy;
			fileType = wrapper.cfbundle;
			path = Tests.xctest;
			remoteRef = 7A79E5042B60281300458A97 /* PBXContainerItemProxy */;
			sourceTree = BUILT_PRODUCTS_DIR;
		};
		7A79E5072B60281300458A97 /* libTwinmeTwinmePlus.a */ = {
			isa = PBXReferenceProxy;
			fileType = archive.ar;
			path = libTwinmeTwinmePlus.a;
			remoteRef = 7A79E5062B60281300458A97 /* PBXContainerItemProxy */;
			sourceTree = BUILT_PRODUCTS_DIR;
		};
		7A79E5092B60281300458A97 /* libTwinmeSkred.a */ = {
			isa = PBXReferenceProxy;
			fileType = archive.ar;
			path = libTwinmeSkred.a;
			remoteRef = 7A79E5082B60281300458A97 /* PBXContainerItemProxy */;
			sourceTree = BUILT_PRODUCTS_DIR;
		};
/* End PBXReferenceProxy section */

/* Begin PBXSourcesBuildPhase section */
		8348EA2B249C959800AB33DA /* Sources */ = {
			isa = PBXSourcesBuildPhase;
			buildActionMask = 2147483647;
			files = (
				8348EA57249C977D00AB33DA /* NotificationTools.m in Sources */,
				8348EA55249C977D00AB33DA /* NotificationSettings.m in Sources */,
			);
			runOnlyForDeploymentPostprocessing = 0;
		};
/* End PBXSourcesBuildPhase section */

/* Begin PBXTargetDependency section */
		7A16BABC2B641A8E005E12BB /* PBXTargetDependency */ = {
			isa = PBXTargetDependency;
			name = TwinmeSkred;
			targetProxy = 7A16BABB2B641A8E005E12BB /* PBXContainerItemProxy */;
		};
/* End PBXTargetDependency section */

/* Begin XCBuildConfiguration section */
		8348EA36249C959800AB33DA /* Debug */ = {
			isa = XCBuildConfiguration;
			buildSettings = {
				ALWAYS_SEARCH_USER_PATHS = NO;
				CLANG_ANALYZER_NONNULL = YES;
				CLANG_ANALYZER_NUMBER_OBJECT_CONVERSION = YES_AGGRESSIVE;
				CLANG_CXX_LANGUAGE_STANDARD = "gnu++14";
				CLANG_CXX_LIBRARY = "libc++";
				CLANG_ENABLE_MODULES = YES;
				CLANG_ENABLE_OBJC_ARC = YES;
				CLANG_ENABLE_OBJC_WEAK = YES;
				CLANG_WARN_BLOCK_CAPTURE_AUTORELEASING = YES;
				CLANG_WARN_BOOL_CONVERSION = YES;
				CLANG_WARN_COMMA = YES;
				CLANG_WARN_CONSTANT_CONVERSION = YES;
				CLANG_WARN_DEPRECATED_OBJC_IMPLEMENTATIONS = YES;
				CLANG_WARN_DIRECT_OBJC_ISA_USAGE = YES_ERROR;
				CLANG_WARN_DOCUMENTATION_COMMENTS = YES;
				CLANG_WARN_EMPTY_BODY = YES;
				CLANG_WARN_ENUM_CONVERSION = YES;
				CLANG_WARN_INFINITE_RECURSION = YES;
				CLANG_WARN_INT_CONVERSION = YES;
				CLANG_WARN_NON_LITERAL_NULL_CONVERSION = YES;
				CLANG_WARN_OBJC_IMPLICIT_RETAIN_SELF = YES;
				CLANG_WARN_OBJC_LITERAL_CONVERSION = YES;
				CLANG_WARN_OBJC_ROOT_CLASS = YES_ERROR;
				CLANG_WARN_RANGE_LOOP_ANALYSIS = YES;
				CLANG_WARN_STRICT_PROTOTYPES = YES;
				CLANG_WARN_SUSPICIOUS_MOVE = YES;
				CLANG_WARN_UNGUARDED_AVAILABILITY = YES_AGGRESSIVE;
				CLANG_WARN_UNREACHABLE_CODE = YES;
				CLANG_WARN__DUPLICATE_METHOD_MATCH = YES;
				COPY_PHASE_STRIP = NO;
				DEBUG_INFORMATION_FORMAT = dwarf;
				ENABLE_STRICT_OBJC_MSGSEND = YES;
				ENABLE_TESTABILITY = YES;
				EXCLUDED_ARCHS = arm64;
				GCC_C_LANGUAGE_STANDARD = gnu11;
				GCC_DYNAMIC_NO_PIC = NO;
				GCC_NO_COMMON_BLOCKS = YES;
				GCC_OPTIMIZATION_LEVEL = 0;
				GCC_PREPROCESSOR_DEFINITIONS = (
					"DEBUG=1",
					"$(inherited)",
				);
				GCC_WARN_64_TO_32_BIT_CONVERSION = YES;
				GCC_WARN_ABOUT_RETURN_TYPE = YES_ERROR;
				GCC_WARN_UNDECLARED_SELECTOR = YES;
				GCC_WARN_UNINITIALIZED_AUTOS = YES_AGGRESSIVE;
				GCC_WARN_UNUSED_FUNCTION = YES;
				GCC_WARN_UNUSED_VARIABLE = YES;
				IPHONEOS_DEPLOYMENT_TARGET = 12.0;
				MTL_ENABLE_DEBUG_INFO = INCLUDE_SOURCE;
				MTL_FAST_MATH = YES;
				ONLY_ACTIVE_ARCH = YES;
				PRODUCT_NAME = Notification;
				PUBLIC_HEADERS_FOLDER_PATH = include/Notification;
				SDKROOT = iphoneos;
			};
			name = Debug;
		};
		8348EA37249C959800AB33DA /* Release */ = {
			isa = XCBuildConfiguration;
			buildSettings = {
				ALWAYS_SEARCH_USER_PATHS = NO;
				CLANG_ANALYZER_NONNULL = YES;
				CLANG_ANALYZER_NUMBER_OBJECT_CONVERSION = YES_AGGRESSIVE;
				CLANG_CXX_LANGUAGE_STANDARD = "gnu++14";
				CLANG_CXX_LIBRARY = "libc++";
				CLANG_ENABLE_MODULES = YES;
				CLANG_ENABLE_OBJC_ARC = YES;
				CLANG_ENABLE_OBJC_WEAK = YES;
				CLANG_WARN_BLOCK_CAPTURE_AUTORELEASING = YES;
				CLANG_WARN_BOOL_CONVERSION = YES;
				CLANG_WARN_COMMA = YES;
				CLANG_WARN_CONSTANT_CONVERSION = YES;
				CLANG_WARN_DEPRECATED_OBJC_IMPLEMENTATIONS = YES;
				CLANG_WARN_DIRECT_OBJC_ISA_USAGE = YES_ERROR;
				CLANG_WARN_DOCUMENTATION_COMMENTS = YES;
				CLANG_WARN_EMPTY_BODY = YES;
				CLANG_WARN_ENUM_CONVERSION = YES;
				CLANG_WARN_INFINITE_RECURSION = YES;
				CLANG_WARN_INT_CONVERSION = YES;
				CLANG_WARN_NON_LITERAL_NULL_CONVERSION = YES;
				CLANG_WARN_OBJC_IMPLICIT_RETAIN_SELF = YES;
				CLANG_WARN_OBJC_LITERAL_CONVERSION = YES;
				CLANG_WARN_OBJC_ROOT_CLASS = YES_ERROR;
				CLANG_WARN_RANGE_LOOP_ANALYSIS = YES;
				CLANG_WARN_STRICT_PROTOTYPES = YES;
				CLANG_WARN_SUSPICIOUS_MOVE = YES;
				CLANG_WARN_UNGUARDED_AVAILABILITY = YES_AGGRESSIVE;
				CLANG_WARN_UNREACHABLE_CODE = YES;
				CLANG_WARN__DUPLICATE_METHOD_MATCH = YES;
				COPY_PHASE_STRIP = NO;
				DEBUG_INFORMATION_FORMAT = "dwarf-with-dsym";
				ENABLE_NS_ASSERTIONS = NO;
				ENABLE_STRICT_OBJC_MSGSEND = YES;
				EXCLUDED_ARCHS = arm64;
				GCC_C_LANGUAGE_STANDARD = gnu11;
				GCC_NO_COMMON_BLOCKS = YES;
				GCC_WARN_64_TO_32_BIT_CONVERSION = YES;
				GCC_WARN_ABOUT_RETURN_TYPE = YES_ERROR;
				GCC_WARN_UNDECLARED_SELECTOR = YES;
				GCC_WARN_UNINITIALIZED_AUTOS = YES_AGGRESSIVE;
				GCC_WARN_UNUSED_FUNCTION = YES;
				GCC_WARN_UNUSED_VARIABLE = YES;
				IPHONEOS_DEPLOYMENT_TARGET = 12.0;
				MTL_ENABLE_DEBUG_INFO = NO;
				MTL_FAST_MATH = YES;
				PRODUCT_NAME = Notification;
				PUBLIC_HEADERS_FOLDER_PATH = include/Notification;
				SDKROOT = iphoneos;
				VALIDATE_PRODUCT = YES;
			};
			name = Release;
		};
		8348EA39249C959800AB33DA /* Debug */ = {
			isa = XCBuildConfiguration;
			buildSettings = {
				APPLICATION_EXTENSION_API_ONLY = YES;
				CODE_SIGN_STYLE = Automatic;
				DEVELOPMENT_TEAM = MU7KFWAKY9;
				EXCLUDED_ARCHS = "";
				GCC_PREFIX_HEADER = Prefix.pch;
				HEADER_SEARCH_PATHS = (
					"\"${SRCROOT}/../Pods/Headers/Public/CocoaLumberjack\"",
					"\"${SRCROOT}/../Utils\"",
					"\"${SRCROOT}/../WebRTCFramework/Headers\"",
					"\"${SRCROOT}/../Pods/Headers/Public\"",
					"\"${TARGET_BUILD_DIR}/include\"",
				);
				ONLY_ACTIVE_ARCH = NO;
				OTHER_LDFLAGS = "-ObjC";
				PRODUCT_NAME = "$(TARGET_NAME)";
				SKIP_INSTALL = YES;
				TARGETED_DEVICE_FAMILY = "1,2";
			};
			name = Debug;
		};
		8348EA3A249C959800AB33DA /* Release */ = {
			isa = XCBuildConfiguration;
			buildSettings = {
				APPLICATION_EXTENSION_API_ONLY = YES;
				CODE_SIGN_STYLE = Automatic;
				DEVELOPMENT_TEAM = MU7KFWAKY9;
				EXCLUDED_ARCHS = "";
				GCC_PREFIX_HEADER = Prefix.pch;
				HEADER_SEARCH_PATHS = (
					"\"${SRCROOT}/../Pods/Headers/Public/CocoaLumberjack\"",
					"\"${SRCROOT}/../Utils\"",
					"\"${SRCROOT}/../WebRTCFramework/Headers\"",
					"\"${SRCROOT}/../Pods/Headers/Public\"",
					"\"${TARGET_BUILD_DIR}/include\"",
				);
				OTHER_LDFLAGS = "-ObjC";
				PRODUCT_NAME = "$(TARGET_NAME)";
				SKIP_INSTALL = YES;
				TARGETED_DEVICE_FAMILY = "1,2";
			};
			name = Release;
		};
/* End XCBuildConfiguration section */

/* Begin XCConfigurationList section */
		8348EA2A249C959800AB33DA /* Build configuration list for PBXProject "Notification" */ = {
			isa = XCConfigurationList;
			buildConfigurations = (
				8348EA36249C959800AB33DA /* Debug */,
				8348EA37249C959800AB33DA /* Release */,
			);
			defaultConfigurationIsVisible = 0;
			defaultConfigurationName = Release;
		};
		8348EA38249C959800AB33DA /* Build configuration list for PBXNativeTarget "Notification" */ = {
			isa = XCConfigurationList;
			buildConfigurations = (
				8348EA39249C959800AB33DA /* Debug */,
				8348EA3A249C959800AB33DA /* Release */,
			);
			defaultConfigurationIsVisible = 0;
			defaultConfigurationName = Release;
		};
/* End XCConfigurationList section */
	};
	rootObject = 8348EA27249C959800AB33DA /* Project object */;
}
